
Microsoft Visual Studio Solution File, Format Version 12.00
# Visual Studio Version 16
VisualStudioVersion = 16.0.29728.190
MinimumVisualStudioVersion = 10.0.40219.1
Project("{FAE04EC0-301F-11D3-BF4B-00C04F79EFBC}") = "Recepcion", "Recepcion\Recepcion.csproj", "{5F8C2B13-2C05-431F-A883-B7AC07464268}"
EndProject
Global
	GlobalSection(SolutionConfigurationPlatforms) = preSolution
		Debug|Any CPU = Debug|Any CPU
		Release|Any CPU = Release|Any CPU
	EndGlobalSection
	GlobalSection(ProjectConfigurationPlatforms) = postSolution
		{5F8C2B13-2C05-431F-A883-B7AC07464268}.Debug|Any CPU.ActiveCfg = Debug|Any CPU
		{5F8C2B13-2C05-431F-A883-B7AC07464268}.Debug|Any CPU.Build.0 = Debug|Any CPU
		{5F8C2B13-2C05-431F-A883-B7AC07464268}.Release|Any CPU.ActiveCfg = Release|Any CPU
		{5F8C2B13-2C05-431F-A883-B7AC07464268}.Release|Any CPU.Build.0 = Release|Any CPU
	EndGlobalSection
	GlobalSection(SolutionProperties) = preSolution
		HideSolutionNode = FALSE
	EndGlobalSection
	GlobalSection(ExtensibilityGlobals) = postSolution
		SolutionGuid = {A77CF006-287A-4405-B260-39B80E0A09F0}
	EndGlobalSection
EndGlobal
